
Microsoft Visual Studio Solution File, Format Version 12.00
# Visual Studio Version 17
VisualStudioVersion = 17.5.002.0
MinimumVisualStudioVersion = 10.0.40219.1
Project("{9A19103F-16F7-4668-BE54-9A1E7A4F7556}") = "test-identity-pscred", "test-identity-pscred.csproj", "{00482299-7062-402B-9680-F0EEB4F5D59C}"
EndProject
Global
	GlobalSection(SolutionConfigurationPlatforms) = preSolution
		Debug|Any CPU = Debug|Any CPU
		Release|Any CPU = Release|Any CPU
	EndGlobalSection
	GlobalSection(ProjectConfigurationPlatforms) = postSolution
		{00482299-7062-402B-9680-F0EEB4F5D59C}.Debug|Any CPU.ActiveCfg = Debug|Any CPU
		{00482299-7062-402B-9680-F0EEB4F5D59C}.Debug|Any CPU.Build.0 = Debug|Any CPU
		{00482299-7062-402B-9680-F0EEB4F5D59C}.Release|Any CPU.ActiveCfg = Release|Any CPU
		{00482299-7062-402B-9680-F0EEB4F5D59C}.Release|Any CPU.Build.0 = Release|Any CPU
	EndGlobalSection
	GlobalSection(SolutionProperties) = preSolution
		HideSolutionNode = FALSE
	EndGlobalSection
	GlobalSection(ExtensibilityGlobals) = postSolution
		SolutionGuid = {B20E0ADB-D49C-4C02-A446-87042A4BDE1C}
	EndGlobalSection
EndGlobal
