
Microsoft Visual Studio Solution File, Format Version 12.00
# Visual Studio Version 17
VisualStudioVersion = 17.0.31912.275
MinimumVisualStudioVersion = 10.0.40219.1
Project("{9A19103F-16F7-4668-BE54-9A1E7A4F7556}") = "resource-manager", "child-proj\resource-manager.csproj", "{AE07C593-7C9E-4AFE-8B57-DF43F6A6B1CF}"
EndProject
Project("{9A19103F-16F7-4668-BE54-9A1E7A4F7556}") = "common-lib", "class-lib\common-lib.csproj", "{58969C51-C9AB-44A6-A011-140FF56CB764}"
EndProject
Project("{9A19103F-16F7-4668-BE54-9A1E7A4F7556}") = "contract", "contract\contract.csproj", "{1549DB07-8952-4DAC-ABC8-9DAF9360FD79}"
EndProject
Project("{9A19103F-16F7-4668-BE54-9A1E7A4F7556}") = "direct-inherit", "direct-inherit\direct-inherit.csproj", "{EDD0D1B4-4CC8-469A-9993-081372026A66}"
EndProject
Global
	GlobalSection(SolutionConfigurationPlatforms) = preSolution
		Debug|Any CPU = Debug|Any CPU
		Release|Any CPU = Release|Any CPU
	EndGlobalSection
	GlobalSection(ProjectConfigurationPlatforms) = postSolution
		{AE07C593-7C9E-4AFE-8B57-DF43F6A6B1CF}.Debug|Any CPU.ActiveCfg = Debug|Any CPU
		{AE07C593-7C9E-4AFE-8B57-DF43F6A6B1CF}.Debug|Any CPU.Build.0 = Debug|Any CPU
		{AE07C593-7C9E-4AFE-8B57-DF43F6A6B1CF}.Release|Any CPU.ActiveCfg = Release|Any CPU
		{AE07C593-7C9E-4AFE-8B57-DF43F6A6B1CF}.Release|Any CPU.Build.0 = Release|Any CPU
		{58969C51-C9AB-44A6-A011-140FF56CB764}.Debug|Any CPU.ActiveCfg = Debug|Any CPU
		{58969C51-C9AB-44A6-A011-140FF56CB764}.Debug|Any CPU.Build.0 = Debug|Any CPU
		{58969C51-C9AB-44A6-A011-140FF56CB764}.Release|Any CPU.ActiveCfg = Release|Any CPU
		{58969C51-C9AB-44A6-A011-140FF56CB764}.Release|Any CPU.Build.0 = Release|Any CPU
		{1549DB07-8952-4DAC-ABC8-9DAF9360FD79}.Debug|Any CPU.ActiveCfg = Debug|Any CPU
		{1549DB07-8952-4DAC-ABC8-9DAF9360FD79}.Debug|Any CPU.Build.0 = Debug|Any CPU
		{1549DB07-8952-4DAC-ABC8-9DAF9360FD79}.Release|Any CPU.ActiveCfg = Release|Any CPU
		{1549DB07-8952-4DAC-ABC8-9DAF9360FD79}.Release|Any CPU.Build.0 = Release|Any CPU
		{EDD0D1B4-4CC8-469A-9993-081372026A66}.Debug|Any CPU.ActiveCfg = Debug|Any CPU
		{EDD0D1B4-4CC8-469A-9993-081372026A66}.Debug|Any CPU.Build.0 = Debug|Any CPU
		{EDD0D1B4-4CC8-469A-9993-081372026A66}.Release|Any CPU.ActiveCfg = Release|Any CPU
		{EDD0D1B4-4CC8-469A-9993-081372026A66}.Release|Any CPU.Build.0 = Release|Any CPU
	EndGlobalSection
	GlobalSection(SolutionProperties) = preSolution
		HideSolutionNode = FALSE
	EndGlobalSection
	GlobalSection(ExtensibilityGlobals) = postSolution
		SolutionGuid = {432530A5-400B-4E92-B1BC-5B7E9F13DDEB}
	EndGlobalSection
EndGlobal
